
Microsoft Visual Studio Solution File, Format Version 12.00
# Visual Studio Version 16
VisualStudioVersion = 25.0.1705.2
MinimumVisualStudioVersion = 10.0.40219.1
Project("{FAE04EC0-301F-11D3-BF4B-00C04F79EFBC}") = "eLearning.API", "eLearning.API\eLearning.API.csproj", "{D50F9B94-80E8-47F8-9AC5-92838A10E736}"
EndProject
Project("{FAE04EC0-301F-11D3-BF4B-00C04F79EFBC}") = "eLearning.Domain", "eLearning.Domain\eLearning.Domain.csproj", "{8102A9DF-7749-4C27-89D4-90322618F697}"
EndProject
Project("{FAE04EC0-301F-11D3-BF4B-00C04F79EFBC}") = "eLearning.Infrastructure", "eLearning.Infrastructure\eLearning.Infrastructure.csproj", "{8F780318-5765-40EC-9A7C-CC92B6208598}"
EndProject
Global
	GlobalSection(SolutionConfigurationPlatforms) = preSolution
		Debug|Any CPU = Debug|Any CPU
		Release|Any CPU = Release|Any CPU
	EndGlobalSection
	GlobalSection(ProjectConfigurationPlatforms) = postSolution
		{D50F9B94-80E8-47F8-9AC5-92838A10E736}.Debug|Any CPU.ActiveCfg = Debug|Any CPU
		{D50F9B94-80E8-47F8-9AC5-92838A10E736}.Debug|Any CPU.Build.0 = Debug|Any CPU
		{D50F9B94-80E8-47F8-9AC5-92838A10E736}.Release|Any CPU.ActiveCfg = Release|Any CPU
		{D50F9B94-80E8-47F8-9AC5-92838A10E736}.Release|Any CPU.Build.0 = Release|Any CPU
		{8102A9DF-7749-4C27-89D4-90322618F697}.Debug|Any CPU.ActiveCfg = Debug|Any CPU
		{8102A9DF-7749-4C27-89D4-90322618F697}.Debug|Any CPU.Build.0 = Debug|Any CPU
		{8102A9DF-7749-4C27-89D4-90322618F697}.Release|Any CPU.ActiveCfg = Release|Any CPU
		{8102A9DF-7749-4C27-89D4-90322618F697}.Release|Any CPU.Build.0 = Release|Any CPU
		{8F780318-5765-40EC-9A7C-CC92B6208598}.Debug|Any CPU.ActiveCfg = Debug|Any CPU
		{8F780318-5765-40EC-9A7C-CC92B6208598}.Debug|Any CPU.Build.0 = Debug|Any CPU
		{8F780318-5765-40EC-9A7C-CC92B6208598}.Release|Any CPU.ActiveCfg = Release|Any CPU
		{8F780318-5765-40EC-9A7C-CC92B6208598}.Release|Any CPU.Build.0 = Release|Any CPU
	EndGlobalSection
	GlobalSection(SolutionProperties) = preSolution
		HideSolutionNode = FALSE
	EndGlobalSection
	GlobalSection(ExtensibilityGlobals) = postSolution
		SolutionGuid = {389259EF-585D-451E-8EEF-F5F2A757A7FD}
	EndGlobalSection
EndGlobal
